
Microsoft Visual Studio Solution File, Format Version 12.00
# Visual Studio 14
VisualStudioVersion = 14.0.24720.0
MinimumVisualStudioVersion = 10.0.40219.1
Project("{FAE04EC0-301F-11D3-BF4B-00C04F79EFBC}") = "Praktikant", "Praktikant\Praktikant.csproj", "{9E73A202-494F-414C-BB23-89668AECBC1D}"
EndProject
Project("{FAE04EC0-301F-11D3-BF4B-00C04F79EFBC}") = "FruitMachineTest", "FruitMachineTest\FruitMachineTest.csproj", "{5A00E979-FCD4-4530-87E0-DC9DF1245712}"
EndProject
Global
	GlobalSection(SolutionConfigurationPlatforms) = preSolution
		Debug|Any CPU = Debug|Any CPU
		Release|Any CPU = Release|Any CPU
	EndGlobalSection
	GlobalSection(ProjectConfigurationPlatforms) = postSolution
		{9E73A202-494F-414C-BB23-89668AECBC1D}.Debug|Any CPU.ActiveCfg = Debug|Any CPU
		{9E73A202-494F-414C-BB23-89668AECBC1D}.Debug|Any CPU.Build.0 = Debug|Any CPU
		{9E73A202-494F-414C-BB23-89668AECBC1D}.Release|Any CPU.ActiveCfg = Release|Any CPU
		{9E73A202-494F-414C-BB23-89668AECBC1D}.Release|Any CPU.Build.0 = Release|Any CPU
		{5A00E979-FCD4-4530-87E0-DC9DF1245712}.Debug|Any CPU.ActiveCfg = Debug|Any CPU
		{5A00E979-FCD4-4530-87E0-DC9DF1245712}.Debug|Any CPU.Build.0 = Debug|Any CPU
		{5A00E979-FCD4-4530-87E0-DC9DF1245712}.Release|Any CPU.ActiveCfg = Release|Any CPU
		{5A00E979-FCD4-4530-87E0-DC9DF1245712}.Release|Any CPU.Build.0 = Release|Any CPU
	EndGlobalSection
	GlobalSection(SolutionProperties) = preSolution
		HideSolutionNode = FALSE
	EndGlobalSection
EndGlobal
